
Microsoft Visual Studio Solution File, Format Version 12.00
# Visual Studio 15
Project("{FAE04EC0-301F-11D3-BF4B-00C04F79EFBC}") = "Assembly-CSharp", "Assembly-CSharp.csproj", "{B7320537-7292-914C-4771-C8C37BEB1699}"
EndProject
Global
	GlobalSection(SolutionConfigurationPlatforms) = preSolution
		Debug|Any CPU = Debug|Any CPU
		Release|Any CPU = Release|Any CPU
	EndGlobalSection
	GlobalSection(ProjectConfigurationPlatforms) = postSolution
		{B7320537-7292-914C-4771-C8C37BEB1699}.Debug|Any CPU.ActiveCfg = Debug|Any CPU
		{B7320537-7292-914C-4771-C8C37BEB1699}.Debug|Any CPU.Build.0 = Debug|Any CPU
		{B7320537-7292-914C-4771-C8C37BEB1699}.Release|Any CPU.ActiveCfg = Release|Any CPU
		{B7320537-7292-914C-4771-C8C37BEB1699}.Release|Any CPU.Build.0 = Release|Any CPU
	EndGlobalSection
	GlobalSection(SolutionProperties) = preSolution
		HideSolutionNode = FALSE
	EndGlobalSection
EndGlobal
